
Microsoft Visual Studio Solution File, Format Version 12.00
# Visual Studio Version 17
VisualStudioVersion = 17.5.33414.496
MinimumVisualStudioVersion = 10.0.40219.1
Project("{9A19103F-16F7-4668-BE54-9A1E7A4F7556}") = "Desktop App - Hristo Ganchev", "Desktop App - Hristo Ganchev.csproj", "{C455D6B2-94C5-4CF4-A496-D3AEF6065B25}"
EndProject
Project("{9A19103F-16F7-4668-BE54-9A1E7A4F7556}") = "PLAYRATE_ClassLibrary", "..\PLAYRATE_ClassLibrary\PLAYRATE_ClassLibrary.csproj", "{49FCFD7C-4EDF-4807-84F9-751B5B09F25A}"
EndProject
Project("{2150E333-8FDC-42A3-9474-1A3956D46DE8}") = "2.BusinessLogic", "2.BusinessLogic", "{E07E40CC-A02B-45F9-9089-1C6B7D5976CD}"
EndProject
Project("{2150E333-8FDC-42A3-9474-1A3956D46DE8}") = "1.PresentationLayer", "1.PresentationLayer", "{5FABA6AC-916A-4C14-9A90-A4DDFC01ECDF}"
EndProject
Project("{2150E333-8FDC-42A3-9474-1A3956D46DE8}") = "3.DatabaseConnections", "3.DatabaseConnections", "{4311819D-7193-450C-91B7-B72B38F72115}"
EndProject
Project("{9A19103F-16F7-4668-BE54-9A1E7A4F7556}") = "PLAYRATE_DatabaseConnection", "..\PLAYRATE_DatabaseConnection\PLAYRATE_DatabaseConnection.csproj", "{EAB06271-757D-434E-909F-BFCB9D98B796}"
EndProject
Project("{9A19103F-16F7-4668-BE54-9A1E7A4F7556}") = "Home Page - Hristo Ganchev", "..\Web Page - Hristo Ganchev\Home Page - Hristo Ganchev.csproj", "{DB9694D1-B7D0-4C3B-A15D-4F38C1B658A0}"
EndProject
Project("{9A19103F-16F7-4668-BE54-9A1E7A4F7556}") = "PLAYRATE_DatabaseConnectionTests", "..\PLAYRATE_DatabaseConnectionTests\PLAYRATE_DatabaseConnectionTests.csproj", "{6203ABFE-4CEC-460F-834A-9E82FBF51887}"
EndProject
Project("{FAE04EC0-301F-11D3-BF4B-00C04F79EFBC}") = "PLAYRATE_ClassLibraryTests", "..\PLAYRATE_ClassLibraryTests\PLAYRATE_ClassLibraryTests.csproj", "{FCA1015D-3ABC-41D8-BD02-AFCC693F89DC}"
EndProject
Global
	GlobalSection(SolutionConfigurationPlatforms) = preSolution
		Debug|Any CPU = Debug|Any CPU
		Release|Any CPU = Release|Any CPU
	EndGlobalSection
	GlobalSection(ProjectConfigurationPlatforms) = postSolution
		{C455D6B2-94C5-4CF4-A496-D3AEF6065B25}.Debug|Any CPU.ActiveCfg = Debug|Any CPU
		{C455D6B2-94C5-4CF4-A496-D3AEF6065B25}.Debug|Any CPU.Build.0 = Debug|Any CPU
		{C455D6B2-94C5-4CF4-A496-D3AEF6065B25}.Release|Any CPU.ActiveCfg = Release|Any CPU
		{C455D6B2-94C5-4CF4-A496-D3AEF6065B25}.Release|Any CPU.Build.0 = Release|Any CPU
		{49FCFD7C-4EDF-4807-84F9-751B5B09F25A}.Debug|Any CPU.ActiveCfg = Debug|Any CPU
		{49FCFD7C-4EDF-4807-84F9-751B5B09F25A}.Debug|Any CPU.Build.0 = Debug|Any CPU
		{49FCFD7C-4EDF-4807-84F9-751B5B09F25A}.Release|Any CPU.ActiveCfg = Release|Any CPU
		{49FCFD7C-4EDF-4807-84F9-751B5B09F25A}.Release|Any CPU.Build.0 = Release|Any CPU
		{EAB06271-757D-434E-909F-BFCB9D98B796}.Debug|Any CPU.ActiveCfg = Debug|Any CPU
		{EAB06271-757D-434E-909F-BFCB9D98B796}.Debug|Any CPU.Build.0 = Debug|Any CPU
		{EAB06271-757D-434E-909F-BFCB9D98B796}.Release|Any CPU.ActiveCfg = Release|Any CPU
		{EAB06271-757D-434E-909F-BFCB9D98B796}.Release|Any CPU.Build.0 = Release|Any CPU
		{DB9694D1-B7D0-4C3B-A15D-4F38C1B658A0}.Debug|Any CPU.ActiveCfg = Debug|Any CPU
		{DB9694D1-B7D0-4C3B-A15D-4F38C1B658A0}.Debug|Any CPU.Build.0 = Debug|Any CPU
		{DB9694D1-B7D0-4C3B-A15D-4F38C1B658A0}.Release|Any CPU.ActiveCfg = Release|Any CPU
		{DB9694D1-B7D0-4C3B-A15D-4F38C1B658A0}.Release|Any CPU.Build.0 = Release|Any CPU
		{6203ABFE-4CEC-460F-834A-9E82FBF51887}.Debug|Any CPU.ActiveCfg = Debug|Any CPU
		{6203ABFE-4CEC-460F-834A-9E82FBF51887}.Debug|Any CPU.Build.0 = Debug|Any CPU
		{6203ABFE-4CEC-460F-834A-9E82FBF51887}.Release|Any CPU.ActiveCfg = Release|Any CPU
		{6203ABFE-4CEC-460F-834A-9E82FBF51887}.Release|Any CPU.Build.0 = Release|Any CPU
		{FCA1015D-3ABC-41D8-BD02-AFCC693F89DC}.Debug|Any CPU.ActiveCfg = Debug|Any CPU
		{FCA1015D-3ABC-41D8-BD02-AFCC693F89DC}.Debug|Any CPU.Build.0 = Debug|Any CPU
		{FCA1015D-3ABC-41D8-BD02-AFCC693F89DC}.Release|Any CPU.ActiveCfg = Release|Any CPU
		{FCA1015D-3ABC-41D8-BD02-AFCC693F89DC}.Release|Any CPU.Build.0 = Release|Any CPU
	EndGlobalSection
	GlobalSection(SolutionProperties) = preSolution
		HideSolutionNode = FALSE
	EndGlobalSection
	GlobalSection(NestedProjects) = preSolution
		{C455D6B2-94C5-4CF4-A496-D3AEF6065B25} = {5FABA6AC-916A-4C14-9A90-A4DDFC01ECDF}
		{49FCFD7C-4EDF-4807-84F9-751B5B09F25A} = {E07E40CC-A02B-45F9-9089-1C6B7D5976CD}
		{EAB06271-757D-434E-909F-BFCB9D98B796} = {4311819D-7193-450C-91B7-B72B38F72115}
		{DB9694D1-B7D0-4C3B-A15D-4F38C1B658A0} = {5FABA6AC-916A-4C14-9A90-A4DDFC01ECDF}
		{6203ABFE-4CEC-460F-834A-9E82FBF51887} = {4311819D-7193-450C-91B7-B72B38F72115}
		{FCA1015D-3ABC-41D8-BD02-AFCC693F89DC} = {E07E40CC-A02B-45F9-9089-1C6B7D5976CD}
	EndGlobalSection
	GlobalSection(ExtensibilityGlobals) = postSolution
		SolutionGuid = {95DC9BE5-0524-4889-97D7-0F56A0ECBDE3}
	EndGlobalSection
EndGlobal
